{
  "requires": true,
  "lockfileVersion": 1,
  "dependencies": {
    "@angular/material": {
      "version": "9.2.2",
      "resolved": "https://registry.npmjs.org/@angular/material/-/material-9.2.2.tgz",
      "integrity": "sha512-gdQiMJ6PtW/5fd+0mglHFyzxULDCBGjn9RTET3sUq2rkc9+jBXr4OvnsUyBWSnqqv97XqotVDIx5JgE4/YX/Rw=="
    }
  }
}
